// !$*UTF8*$!
{
	archiveVersion = 1;
	classes = {
	};
	objectVersion = 50;
	objects = {

/* Begin PBXBuildFile section */
		183E013123D6AA6C0016BB6E /* AppDelegate.swift in Sources */ = {isa = PBXBuildFile; fileRef = 183E013023D6AA6C0016BB6E /* AppDelegate.swift */; };
		183E013323D6AA6C0016BB6E /* SceneDelegate.swift in Sources */ = {isa = PBXBuildFile; fileRef = 183E013223D6AA6C0016BB6E /* SceneDelegate.swift */; };
		183E013523D6AA6C0016BB6E /* ViewController.swift in Sources */ = {isa = PBXBuildFile; fileRef = 183E013423D6AA6C0016BB6E /* ViewController.swift */; };
		183E013823D6AA6C0016BB6E /* Main.storyboard in Resources */ = {isa = PBXBuildFile; fileRef = 183E013623D6AA6C0016BB6E /* Main.storyboard */; };
		183E013A23D6AA6F0016BB6E /* Assets.xcassets in Resources */ = {isa = PBXBuildFile; fileRef = 183E013923D6AA6F0016BB6E /* Assets.xcassets */; };
		183E013D23D6AA6F0016BB6E /* LaunchScreen.storyboard in Resources */ = {isa = PBXBuildFile; fileRef = 183E013B23D6AA6F0016BB6E /* LaunchScreen.storyboard */; };
		183E014523D6BD780016BB6E /* SelectViewController.swift in Sources */ = {isa = PBXBuildFile; fileRef = 183E014423D6BD780016BB6E /* SelectViewController.swift */; };
		183E014923D6C7330016BB6E /* FoodViewController.swift in Sources */ = {isa = PBXBuildFile; fileRef = 183E014823D6C7330016BB6E /* FoodViewController.swift */; };
		183E014B23D6C98A0016BB6E /* AnimalViewController.swift in Sources */ = {isa = PBXBuildFile; fileRef = 183E014A23D6C98A0016BB6E /* AnimalViewController.swift */; };
		183E014F23D6D4630016BB6E /* TodayViewController.swift in Sources */ = {isa = PBXBuildFile; fileRef = 183E014E23D6D4630016BB6E /* TodayViewController.swift */; };
/* End PBXBuildFile section */

/* Begin PBXFileReference section */
		183E012D23D6AA6C0016BB6E /* listView.app */ = {isa = PBXFileReference; explicitFileType = wrapper.application; includeInIndex = 0; path = listView.app; sourceTree = BUILT_PRODUCTS_DIR; };
		183E013023D6AA6C0016BB6E /* AppDelegate.swift */ = {isa = PBXFileReference; lastKnownFileType = sourcecode.swift; path = AppDelegate.swift; sourceTree = "<group>"; };
		183E013223D6AA6C0016BB6E /* SceneDelegate.swift */ = {isa = PBXFileReference; lastKnownFileType = sourcecode.swift; path = SceneDelegate.swift; sourceTree = "<group>"; };
		183E013423D6AA6C0016BB6E /* ViewController.swift */ = {isa = PBXFileReference; lastKnownFileType = sourcecode.swift; path = ViewController.swift; sourceTree = "<group>"; };
		183E013723D6AA6C0016BB6E /* Base */ = {isa = PBXFileReference; lastKnownFileType = file.storyboard; name = Base; path = Base.lproj/Main.storyboard; sourceTree = "<group>"; };
		183E013923D6AA6F0016BB6E /* Assets.xcassets */ = {isa = PBXFileReference; lastKnownFileType = folder.assetcatalog; path = Assets.xcassets; sourceTree = "<group>"; };
		183E013C23D6AA6F0016BB6E /* Base */ = {isa = PBXFileReference; lastKnownFileType = file.storyboard; name = Base; path = Base.lproj/LaunchScreen.storyboard; sourceTree = "<group>"; };
		183E013E23D6AA6F0016BB6E /* Info.plist */ = {isa = PBXFileReference; lastKnownFileType = text.plist.xml; path = Info.plist; sourceTree = "<group>"; };
		183E014423D6BD780016BB6E /* SelectViewController.swift */ = {isa = PBXFileReference; lastKnownFileType = sourcecode.swift; path = SelectViewController.swift; sourceTree = "<group>"; };
		183E014823D6C7330016BB6E /* FoodViewController.swift */ = {isa = PBXFileReference; lastKnownFileType = sourcecode.swift; path = FoodViewController.swift; sourceTree = "<group>"; };
		183E014A23D6C98A0016BB6E /* AnimalViewController.swift */ = {isa = PBXFileReference; lastKnownFileType = sourcecode.swift; path = AnimalViewController.swift; sourceTree = "<group>"; };
		183E014E23D6D4630016BB6E /* TodayViewController.swift */ = {isa = PBXFileReference; lastKnownFileType = sourcecode.swift; path = TodayViewController.swift; sourceTree = "<group>"; };
/* End PBXFileReference section */

/* Begin PBXFrameworksBuildPhase section */
		183E012A23D6AA6C0016BB6E /* Frameworks */ = {
			isa = PBXFrameworksBuildPhase;
			buildActionMask = 2147483647;
			files = (
			);
			runOnlyForDeploymentPostprocessing = 0;
		};
/* End PBXFrameworksBuildPhase section */

/* Begin PBXGroup section */
		183E012423D6AA6C0016BB6E = {
			isa = PBXGroup;
			children = (
				183E012F23D6AA6C0016BB6E /* listView */,
				183E012E23D6AA6C0016BB6E /* Products */,
			);
			sourceTree = "<group>";
		};
		183E012E23D6AA6C0016BB6E /* Products */ = {
			isa = PBXGroup;
			children = (
				183E012D23D6AA6C0016BB6E /* listView.app */,
			);
			name = Products;
			sourceTree = "<group>";
		};
		183E012F23D6AA6C0016BB6E /* listView */ = {
			isa = PBXGroup;
			children = (
				183E013023D6AA6C0016BB6E /* AppDelegate.swift */,
				183E013223D6AA6C0016BB6E /* SceneDelegate.swift */,
				183E013423D6AA6C0016BB6E /* ViewController.swift */,
				183E013623D6AA6C0016BB6E /* Main.storyboard */,
				183E014E23D6D4630016BB6E /* TodayViewController.swift */,
				183E014A23D6C98A0016BB6E /* AnimalViewController.swift */,
				183E014823D6C7330016BB6E /* FoodViewController.swift */,
				183E014423D6BD780016BB6E /* SelectViewController.swift */,
				183E013923D6AA6F0016BB6E /* Assets.xcassets */,
				183E013B23D6AA6F0016BB6E /* LaunchScreen.storyboard */,
				183E013E23D6AA6F0016BB6E /* Info.plist */,
			);
			path = listView;
			sourceTree = "<group>";
		};
/* End PBXGroup section */

/* Begin PBXNativeTarget section */
		183E012C23D6AA6C0016BB6E /* listView */ = {
			isa = PBXNativeTarget;
			buildConfigurationList = 183E014123D6AA6F0016BB6E /* Build configuration list for PBXNativeTarget "listView" */;
			buildPhases = (
				183E012923D6AA6C0016BB6E /* Sources */,
				183E012A23D6AA6C0016BB6E /* Frameworks */,
				183E012B23D6AA6C0016BB6E /* Resources */,
			);
			buildRules = (
			);
			dependencies = (
			);
			name = listView;
			productName = listView;
			productReference = 183E012D23D6AA6C0016BB6E /* listView.app */;
			productType = "com.apple.product-type.application";
		};
/* End PBXNativeTarget section */

/* Begin PBXProject section */
		183E012523D6AA6C0016BB6E /* Project object */ = {
			isa = PBXProject;
			attributes = {
				LastSwiftUpdateCheck = 1130;
				LastUpgradeCheck = 1130;
				ORGANIZATIONNAME = apple;
				TargetAttributes = {
					183E012C23D6AA6C0016BB6E = {
						CreatedOnToolsVersion = 11.3.1;
					};
				};
			};
			buildConfigurationList = 183E012823D6AA6C0016BB6E /* Build configuration list for PBXProject "listView" */;
			compatibilityVersion = "Xcode 9.3";
			developmentRegion = en;
			hasScannedForEncodings = 0;
			knownRegions = (
				en,
				Base,
			);
			mainGroup = 183E012423D6AA6C0016BB6E;
			productRefGroup = 183E012E23D6AA6C0016BB6E /* Products */;
			projectDirPath = "";
			projectRoot = "";
			targets = (
				183E012C23D6AA6C0016BB6E /* listView */,
			);
		};
/* End PBXProject section */

/* Begin PBXResourcesBuildPhase section */
		183E012B23D6AA6C0016BB6E /* Resources */ = {
			isa = PBXResourcesBuildPhase;
			buildActionMask = 2147483647;
			files = (
				183E013D23D6AA6F0016BB6E /* LaunchScreen.storyboard in Resources */,
				183E013A23D6AA6F0016BB6E /* Assets.xcassets in Resources */,
				183E013823D6AA6C0016BB6E /* Main.storyboard in Resources */,
			);
			runOnlyForDeploymentPostprocessing = 0;
		};
/* End PBXResourcesBuildPhase section */

/* Begin PBXSourcesBuildPhase section */
		183E012923D6AA6C0016BB6E /* Sources */ = {
			isa = PBXSourcesBuildPhase;
			buildActionMask = 2147483647;
			files = (
				183E014523D6BD780016BB6E /* SelectViewController.swift in Sources */,
				183E014F23D6D4630016BB6E /* TodayViewController.swift in Sources */,
				183E014923D6C7330016BB6E /* FoodViewController.swift in Sources */,
				183E013523D6AA6C0016BB6E /* ViewController.swift in Sources */,
				183E013123D6AA6C0016BB6E /* AppDelegate.swift in Sources */,
				183E014B23D6C98A0016BB6E /* AnimalViewController.swift in Sources */,
				183E013323D6AA6C0016BB6E /* SceneDelegate.swift in Sources */,
			);
			runOnlyForDeploymentPostprocessing = 0;
		};
/* End PBXSourcesBuildPhase section */

/* Begin PBXVariantGroup section */
		183E013623D6AA6C0016BB6E /* Main.storyboard */ = {
			isa = PBXVariantGroup;
			children = (
				183E013723D6AA6C0016BB6E /* Base */,
			);
			name = Main.storyboard;
			sourceTree = "<group>";
		};
		183E013B23D6AA6F0016BB6E /* LaunchScreen.storyboard */ = {
			isa = PBXVariantGroup;
			children = (
				183E013C23D6AA6F0016BB6E /* Base */,
			);
			name = LaunchScreen.storyboard;
			sourceTree = "<group>";
		};
/* End PBXVariantGroup section */

/* Begin XCBuildConfiguration section */
		183E013F23D6AA6F0016BB6E /* Debug */ = {
			isa = XCBuildConfiguration;
			buildSettings = {
				ALWAYS_SEARCH_USER_PATHS = NO;
				CLANG_ANALYZER_NONNULL = YES;
				CLANG_ANALYZER_NUMBER_OBJECT_CONVERSION = YES_AGGRESSIVE;
				CLANG_CXX_LANGUAGE_STANDARD = "gnu++14";
				CLANG_CXX_LIBRARY = "libc++";
				CLANG_ENABLE_MODULES = YES;
				CLANG_ENABLE_OBJC_ARC = YES;
				CLANG_ENABLE_OBJC_WEAK = YES;
				CLANG_WARN_BLOCK_CAPTURE_AUTORELEASING = YES;
				CLANG_WARN_BOOL_CONVERSION = YES;
				CLANG_WARN_COMMA = YES;
				CLANG_WARN_CONSTANT_CONVERSION = YES;
				CLANG_WARN_DEPRECATED_OBJC_IMPLEMENTATIONS = YES;
				CLANG_WARN_DIRECT_OBJC_ISA_USAGE = YES_ERROR;
				CLANG_WARN_DOCUMENTATION_COMMENTS = YES;
				CLANG_WARN_EMPTY_BODY = YES;
				CLANG_WARN_ENUM_CONVERSION = YES;
				CLANG_WARN_INFINITE_RECURSION = YES;
				CLANG_WARN_INT_CONVERSION = YES;
				CLANG_WARN_NON_LITERAL_NULL_CONVERSION = YES;
				CLANG_WARN_OBJC_IMPLICIT_RETAIN_SELF = YES;
				CLANG_WARN_OBJC_LITERAL_CONVERSION = YES;
				CLANG_WARN_OBJC_ROOT_CLASS = YES_ERROR;
				CLANG_WARN_RANGE_LOOP_ANALYSIS = YES;
				CLANG_WARN_STRICT_PROTOTYPES = YES;
				CLANG_WARN_SUSPICIOUS_MOVE = YES;
				CLANG_WARN_UNGUARDED_AVAILABILITY = YES_AGGRESSIVE;
				CLANG_WARN_UNREACHABLE_CODE = YES;
				CLANG_WARN__DUPLICATE_METHOD_MATCH = YES;
				COPY_PHASE_STRIP = NO;
				DEBUG_INFORMATION_FORMAT = dwarf;
				ENABLE_STRICT_OBJC_MSGSEND = YES;
				ENABLE_TESTABILITY = YES;
				GCC_C_LANGUAGE_STANDARD = gnu11;
				GCC_DYNAMIC_NO_PIC = NO;
				GCC_NO_COMMON_BLOCKS = YES;
				GCC_OPTIMIZATION_LEVEL = 0;
				GCC_PREPROCESSOR_DEFINITIONS = (
					"DEBUG=1",
					"$(inherited)",
				);
				GCC_WARN_64_TO_32_BIT_CONVERSION = YES;
				GCC_WARN_ABOUT_RETURN_TYPE = YES_ERROR;
				GCC_WARN_UNDECLARED_SELECTOR = YES;
				GCC_WARN_UNINITIALIZED_AUTOS = YES_AGGRESSIVE;
				GCC_WARN_UNUSED_FUNCTION = YES;
				GCC_WARN_UNUSED_VARIABLE = YES;
				IPHONEOS_DEPLOYMENT_TARGET = 13.2;
				MTL_ENABLE_DEBUG_INFO = INCLUDE_SOURCE;
				MTL_FAST_MATH = YES;
				ONLY_ACTIVE_ARCH = YES;
				SDKROOT = iphoneos;
				SWIFT_ACTIVE_COMPILATION_CONDITIONS = DEBUG;
				SWIFT_OPTIMIZATION_LEVEL = "-Onone";
			};
			name = Debug;
		};
		183E014023D6AA6F0016BB6E /* Release */ = {
			isa = XCBuildConfiguration;
			buildSettings = {
				ALWAYS_SEARCH_USER_PATHS = NO;
				CLANG_ANALYZER_NONNULL = YES;
				CLANG_ANALYZER_NUMBER_OBJECT_CONVERSION = YES_AGGRESSIVE;
				CLANG_CXX_LANGUAGE_STANDARD = "gnu++14";
				CLANG_CXX_LIBRARY = "libc++";
				CLANG_ENABLE_MODULES = YES;
				CLANG_ENABLE_OBJC_ARC = YES;
				CLANG_ENABLE_OBJC_WEAK = YES;
				CLANG_WARN_BLOCK_CAPTURE_AUTORELEASING = YES;
				CLANG_WARN_BOOL_CONVERSION = YES;
				CLANG_WARN_COMMA = YES;
				CLANG_WARN_CONSTANT_CONVERSION = YES;
				CLANG_WARN_DEPRECATED_OBJC_IMPLEMENTATIONS = YES;
				CLANG_WARN_DIRECT_OBJC_ISA_USAGE = YES_ERROR;
				CLANG_WARN_DOCUMENTATION_COMMENTS = YES;
				CLANG_WARN_EMPTY_BODY = YES;
				CLANG_WARN_ENUM_CONVERSION = YES;
				CLANG_WARN_INFINITE_RECURSION = YES;
				CLANG_WARN_INT_CONVERSION = YES;
				CLANG_WARN_NON_LITERAL_NULL_CONVERSION = YES;
				CLANG_WARN_OBJC_IMPLICIT_RETAIN_SELF = YES;
				CLANG_WARN_OBJC_LITERAL_CONVERSION = YES;
				CLANG_WARN_OBJC_ROOT_CLASS = YES_ERROR;
				CLANG_WARN_RANGE_LOOP_ANALYSIS = YES;
				CLANG_WARN_STRICT_PROTOTYPES = YES;
				CLANG_WARN_SUSPICIOUS_MOVE = YES;
				CLANG_WARN_UNGUARDED_AVAILABILITY = YES_AGGRESSIVE;
				CLANG_WARN_UNREACHABLE_CODE = YES;
				CLANG_WARN__DUPLICATE_METHOD_MATCH = YES;
				COPY_PHASE_STRIP = NO;
				DEBUG_INFORMATION_FORMAT = "dwarf-with-dsym";
				ENABLE_NS_ASSERTIONS = NO;
				ENABLE_STRICT_OBJC_MSGSEND = YES;
				GCC_C_LANGUAGE_STANDARD = gnu11;
				GCC_NO_COMMON_BLOCKS = YES;
				GCC_WARN_64_TO_32_BIT_CONVERSION = YES;
				GCC_WARN_ABOUT_RETURN_TYPE = YES_ERROR;
				GCC_WARN_UNDECLARED_SELECTOR = YES;
				GCC_WARN_UNINITIALIZED_AUTOS = YES_AGGRESSIVE;
				GCC_WARN_UNUSED_FUNCTION = YES;
				GCC_WARN_UNUSED_VARIABLE = YES;
				IPHONEOS_DEPLOYMENT_TARGET = 13.2;
				MTL_ENABLE_DEBUG_INFO = NO;
				MTL_FAST_MATH = YES;
				SDKROOT = iphoneos;
				SWIFT_COMPILATION_MODE = wholemodule;
				SWIFT_OPTIMIZATION_LEVEL = "-O";
				VALIDATE_PRODUCT = YES;
			};
			name = Release;
		};
		183E014223D6AA6F0016BB6E /* Debug */ = {
			isa = XCBuildConfiguration;
			buildSettings = {
				ASSETCATALOG_COMPILER_APPICON_NAME = AppIcon;
				CODE_SIGN_STYLE = Automatic;
				INFOPLIST_FILE = listView/Info.plist;
				LD_RUNPATH_SEARCH_PATHS = (
					"$(inherited)",
					"@executable_path/Frameworks",
				);
				PRODUCT_BUNDLE_IDENTIFIER = bit.listView;
				PRODUCT_NAME = "$(TARGET_NAME)";
				SWIFT_VERSION = 5.0;
				TARGETED_DEVICE_FAMILY = "1,2";
			};
			name = Debug;
		};
		183E014323D6AA6F0016BB6E /* Release */ = {
			isa = XCBuildConfiguration;
			buildSettings = {
				ASSETCATALOG_COMPILER_APPICON_NAME = AppIcon;
				CODE_SIGN_STYLE = Automatic;
				INFOPLIST_FILE = listView/Info.plist;
				LD_RUNPATH_SEARCH_PATHS = (
					"$(inherited)",
					"@executable_path/Frameworks",
				);
				PRODUCT_BUNDLE_IDENTIFIER = bit.listView;
				PRODUCT_NAME = "$(TARGET_NAME)";
				SWIFT_VERSION = 5.0;
				TARGETED_DEVICE_FAMILY = "1,2";
			};
			name = Release;
		};
/* End XCBuildConfiguration section */

/* Begin XCConfigurationList section */
		183E012823D6AA6C0016BB6E /* Build configuration list for PBXProject "listView" */ = {
			isa = XCConfigurationList;
			buildConfigurations = (
				183E013F23D6AA6F0016BB6E /* Debug */,
				183E014023D6AA6F0016BB6E /* Release */,
			);
			defaultConfigurationIsVisible = 0;
			defaultConfigurationName = Release;
		};
		183E014123D6AA6F0016BB6E /* Build configuration list for PBXNativeTarget "listView" */ = {
			isa = XCConfigurationList;
			buildConfigurations = (
				183E014223D6AA6F0016BB6E /* Debug */,
				183E014323D6AA6F0016BB6E /* Release */,
			);
			defaultConfigurationIsVisible = 0;
			defaultConfigurationName = Release;
		};
/* End XCConfigurationList section */
	};
	rootObject = 183E012523D6AA6C0016BB6E /* Project object */;
}
